// !$*UTF8*$!
{
	archiveVersion = 1;
	classes = {
	};
	objectVersion = 46;
	objects = {

/* Begin PBXBuildFile section */
		A5A3B82D1EC2081100C1F692 /* AppDelegate.swift in Sources */ = {isa = PBXBuildFile; fileRef = A5A3B82C1EC2081100C1F692 /* AppDelegate.swift */; };
		A5A3B82F1EC2081100C1F692 /* ViewController.swift in Sources */ = {isa = PBXBuildFile; fileRef = A5A3B82E1EC2081100C1F692 /* ViewController.swift */; };
		A5A3B8321EC2081100C1F692 /* Main.storyboard in Resources */ = {isa = PBXBuildFile; fileRef = A5A3B8301EC2081100C1F692 /* Main.storyboard */; };
		A5A3B8341EC2081100C1F692 /* Assets.xcassets in Resources */ = {isa = PBXBuildFile; fileRef = A5A3B8331EC2081100C1F692 /* Assets.xcassets */; };
		A5A3B8371EC2081100C1F692 /* LaunchScreen.storyboard in Resources */ = {isa = PBXBuildFile; fileRef = A5A3B8351EC2081100C1F692 /* LaunchScreen.storyboard */; };
/* End PBXBuildFile section */

/* Begin PBXFileReference section */
		A5A3B8291EC2081100C1F692 /* mobileFrameworkDemo.app */ = {isa = PBXFileReference; explicitFileType = wrapper.application; includeInIndex = 0; path = mobileFrameworkDemo.app; sourceTree = BUILT_PRODUCTS_DIR; };
		A5A3B82C1EC2081100C1F692 /* AppDelegate.swift */ = {isa = PBXFileReference; lastKnownFileType = sourcecode.swift; path = AppDelegate.swift; sourceTree = "<group>"; };
		A5A3B82E1EC2081100C1F692 /* ViewController.swift */ = {isa = PBXFileReference; lastKnownFileType = sourcecode.swift; path = ViewController.swift; sourceTree = "<group>"; };
		A5A3B8311EC2081100C1F692 /* Base */ = {isa = PBXFileReference; lastKnownFileType = file.storyboard; name = Base; path = Base.lproj/Main.storyboard; sourceTree = "<group>"; };
		A5A3B8331EC2081100C1F692 /* Assets.xcassets */ = {isa = PBXFileReference; lastKnownFileType = folder.assetcatalog; path = Assets.xcassets; sourceTree = "<group>"; };
		A5A3B8361EC2081100C1F692 /* Base */ = {isa = PBXFileReference; lastKnownFileType = file.storyboard; name = Base; path = Base.lproj/LaunchScreen.storyboard; sourceTree = "<group>"; };
		A5A3B8381EC2081100C1F692 /* Info.plist */ = {isa = PBXFileReference; lastKnownFileType = text.plist.xml; path = Info.plist; sourceTree = "<group>"; };
/* End PBXFileReference section */

/* Begin PBXFrameworksBuildPhase section */
		A5A3B8261EC2081100C1F692 /* Frameworks */ = {
			isa = PBXFrameworksBuildPhase;
			buildActionMask = 2147483647;
			files = (
			);
			runOnlyForDeploymentPostprocessing = 0;
		};
/* End PBXFrameworksBuildPhase section */

/* Begin PBXGroup section */
		A5A3B8201EC2081100C1F692 = {
			isa = PBXGroup;
			children = (
				A5A3B82B1EC2081100C1F692 /* mobileFrameworkDemo */,
				A5A3B82A1EC2081100C1F692 /* Products */,
			);
			sourceTree = "<group>";
		};
		A5A3B82A1EC2081100C1F692 /* Products */ = {
			isa = PBXGroup;
			children = (
				A5A3B8291EC2081100C1F692 /* mobileFrameworkDemo.app */,
			);
			name = Products;
			sourceTree = "<group>";
		};
		A5A3B82B1EC2081100C1F692 /* mobileFrameworkDemo */ = {
			isa = PBXGroup;
			children = (
				A5A3B82C1EC2081100C1F692 /* AppDelegate.swift */,
				A5A3B82E1EC2081100C1F692 /* ViewController.swift */,
				A5A3B8301EC2081100C1F692 /* Main.storyboard */,
				A5A3B8331EC2081100C1F692 /* Assets.xcassets */,
				A5A3B8351EC2081100C1F692 /* LaunchScreen.storyboard */,
				A5A3B8381EC2081100C1F692 /* Info.plist */,
			);
			path = mobileFrameworkDemo;
			sourceTree = "<group>";
		};
/* End PBXGroup section */

/* Begin PBXNativeTarget section */
		A5A3B8281EC2081100C1F692 /* mobileFrameworkDemo */ = {
			isa = PBXNativeTarget;
			buildConfigurationList = A5A3B83B1EC2081100C1F692 /* Build configuration list for PBXNativeTarget "mobileFrameworkDemo" */;
			buildPhases = (
				A5A3B8251EC2081100C1F692 /* Sources */,
				A5A3B8261EC2081100C1F692 /* Frameworks */,
				A5A3B8271EC2081100C1F692 /* Resources */,
			);
			buildRules = (
			);
			dependencies = (
			);
			name = mobileFrameworkDemo;
			productName = mobileFrameworkDemo;
			productReference = A5A3B8291EC2081100C1F692 /* mobileFrameworkDemo.app */;
			productType = "com.apple.product-type.application";
		};
/* End PBXNativeTarget section */

/* Begin PBXProject section */
		A5A3B8211EC2081100C1F692 /* Project object */ = {
			isa = PBXProject;
			attributes = {
				LastSwiftUpdateCheck = 0830;
				LastUpgradeCheck = 0830;
				ORGANIZATIONNAME = "Philadelphia Museum of Art";
				TargetAttributes = {
					A5A3B8281EC2081100C1F692 = {
						CreatedOnToolsVersion = 8.3.2;
						DevelopmentTeam = ZP279JY2W4;
						ProvisioningStyle = Automatic;
					};
				};
			};
			buildConfigurationList = A5A3B8241EC2081100C1F692 /* Build configuration list for PBXProject "mobileFrameworkDemo" */;
			compatibilityVersion = "Xcode 3.2";
			developmentRegion = English;
			hasScannedForEncodings = 0;
			knownRegions = (
				en,
				Base,
			);
			mainGroup = A5A3B8201EC2081100C1F692;
			productRefGroup = A5A3B82A1EC2081100C1F692 /* Products */;
			projectDirPath = "";
			projectRoot = "";
			targets = (
				A5A3B8281EC2081100C1F692 /* mobileFrameworkDemo */,
			);
		};
/* End PBXProject section */

/* Begin PBXResourcesBuildPhase section */
		A5A3B8271EC2081100C1F692 /* Resources */ = {
			isa = PBXResourcesBuildPhase;
			buildActionMask = 2147483647;
			files = (
				A5A3B8371EC2081100C1F692 /* LaunchScreen.storyboard in Resources */,
				A5A3B8341EC2081100C1F692 /* Assets.xcassets in Resources */,
				A5A3B8321EC2081100C1F692 /* Main.storyboard in Resources */,
			);
			runOnlyForDeploymentPostprocessing = 0;
		};
/* End PBXResourcesBuildPhase section */

/* Begin PBXSourcesBuildPhase section */
		A5A3B8251EC2081100C1F692 /* Sources */ = {
			isa = PBXSourcesBuildPhase;
			buildActionMask = 2147483647;
			files = (
				A5A3B82F1EC2081100C1F692 /* ViewController.swift in Sources */,
				A5A3B82D1EC2081100C1F692 /* AppDelegate.swift in Sources */,
			);
			runOnlyForDeploymentPostprocessing = 0;
		};
/* End PBXSourcesBuildPhase section */

/* Begin PBXVariantGroup section */
		A5A3B8301EC2081100C1F692 /* Main.storyboard */ = {
			isa = PBXVariantGroup;
			children = (
				A5A3B8311EC2081100C1F692 /* Base */,
			);
			name = Main.storyboard;
			sourceTree = "<group>";
		};
		A5A3B8351EC2081100C1F692 /* LaunchScreen.storyboard */ = {
			isa = PBXVariantGroup;
			children = (
				A5A3B8361EC2081100C1F692 /* Base */,
			);
			name = LaunchScreen.storyboard;
			sourceTree = "<group>";
		};
/* End PBXVariantGroup section */

/* Begin XCBuildConfiguration section */
		A5A3B8391EC2081100C1F692 /* Debug */ = {
			isa = XCBuildConfiguration;
			buildSettings = {
				ALWAYS_SEARCH_USER_PATHS = NO;
				CLANG_ANALYZER_NONNULL = YES;
				CLANG_ANALYZER_NUMBER_OBJECT_CONVERSION = YES_AGGRESSIVE;
				CLANG_CXX_LANGUAGE_STANDARD = "gnu++0x";
				CLANG_CXX_LIBRARY = "libc++";
				CLANG_ENABLE_MODULES = YES;
				CLANG_ENABLE_OBJC_ARC = YES;
				CLANG_WARN_BOOL_CONVERSION = YES;
				CLANG_WARN_CONSTANT_CONVERSION = YES;
				CLANG_WARN_DIRECT_OBJC_ISA_USAGE = YES_ERROR;
				CLANG_WARN_DOCUMENTATION_COMMENTS = YES;
				CLANG_WARN_EMPTY_BODY = YES;
				CLANG_WARN_ENUM_CONVERSION = YES;
				CLANG_WARN_INFINITE_RECURSION = YES;
				CLANG_WARN_INT_CONVERSION = YES;
				CLANG_WARN_OBJC_ROOT_CLASS = YES_ERROR;
				CLANG_WARN_SUSPICIOUS_MOVE = YES;
				CLANG_WARN_UNREACHABLE_CODE = YES;
				CLANG_WARN__DUPLICATE_METHOD_MATCH = YES;
				"CODE_SIGN_IDENTITY[sdk=iphoneos*]" = "iPhone Developer";
				COPY_PHASE_STRIP = NO;
				DEBUG_INFORMATION_FORMAT = dwarf;
				ENABLE_STRICT_OBJC_MSGSEND = YES;
				ENABLE_TESTABILITY = YES;
				GCC_C_LANGUAGE_STANDARD = gnu99;
				GCC_DYNAMIC_NO_PIC = NO;
				GCC_NO_COMMON_BLOCKS = YES;
				GCC_OPTIMIZATION_LEVEL = 0;
				GCC_PREPROCESSOR_DEFINITIONS = (
					"DEBUG=1",
					"$(inherited)",
				);
				GCC_WARN_64_TO_32_BIT_CONVERSION = YES;
				GCC_WARN_ABOUT_RETURN_TYPE = YES_ERROR;
				GCC_WARN_UNDECLARED_SELECTOR = YES;
				GCC_WARN_UNINITIALIZED_AUTOS = YES_AGGRESSIVE;
				GCC_WARN_UNUSED_FUNCTION = YES;
				GCC_WARN_UNUSED_VARIABLE = YES;
				IPHONEOS_DEPLOYMENT_TARGET = 10.3;
				MTL_ENABLE_DEBUG_INFO = YES;
				ONLY_ACTIVE_ARCH = YES;
				SDKROOT = iphoneos;
				SWIFT_ACTIVE_COMPILATION_CONDITIONS = DEBUG;
				SWIFT_OPTIMIZATION_LEVEL = "-Onone";
				TARGETED_DEVICE_FAMILY = "1,2";
			};
			name = Debug;
		};
		A5A3B83A1EC2081100C1F692 /* Release */ = {
			isa = XCBuildConfiguration;
			buildSettings = {
				ALWAYS_SEARCH_USER_PATHS = NO;
				CLANG_ANALYZER_NONNULL = YES;
				CLANG_ANALYZER_NUMBER_OBJECT_CONVERSION = YES_AGGRESSIVE;
				CLANG_CXX_LANGUAGE_STANDARD = "gnu++0x";
				CLANG_CXX_LIBRARY = "libc++";
				CLANG_ENABLE_MODULES = YES;
				CLANG_ENABLE_OBJC_ARC = YES;
				CLANG_WARN_BOOL_CONVERSION = YES;
				CLANG_WARN_CONSTANT_CONVERSION = YES;
				CLANG_WARN_DIRECT_OBJC_ISA_USAGE = YES_ERROR;
				CLANG_WARN_DOCUMENTATION_COMMENTS = YES;
				CLANG_WARN_EMPTY_BODY = YES;
				CLANG_WARN_ENUM_CONVERSION = YES;
				CLANG_WARN_INFINITE_RECURSION = YES;
				CLANG_WARN_INT_CONVERSION = YES;
				CLANG_WARN_OBJC_ROOT_CLASS = YES_ERROR;
				CLANG_WARN_SUSPICIOUS_MOVE = YES;
				CLANG_WARN_UNREACHABLE_CODE = YES;
				CLANG_WARN__DUPLICATE_METHOD_MATCH = YES;
				"CODE_SIGN_IDENTITY[sdk=iphoneos*]" = "iPhone Developer";
				COPY_PHASE_STRIP = NO;
				DEBUG_INFORMATION_FORMAT = "dwarf-with-dsym";
				ENABLE_NS_ASSERTIONS = NO;
				ENABLE_STRICT_OBJC_MSGSEND = YES;
				GCC_C_LANGUAGE_STANDARD = gnu99;
				GCC_NO_COMMON_BLOCKS = YES;
				GCC_WARN_64_TO_32_BIT_CONVERSION = YES;
				GCC_WARN_ABOUT_RETURN_TYPE = YES_ERROR;
				GCC_WARN_UNDECLARED_SELECTOR = YES;
				GCC_WARN_UNINITIALIZED_AUTOS = YES_AGGRESSIVE;
				GCC_WARN_UNUSED_FUNCTION = YES;
				GCC_WARN_UNUSED_VARIABLE = YES;
				IPHONEOS_DEPLOYMENT_TARGET = 10.3;
				MTL_ENABLE_DEBUG_INFO = NO;
				SDKROOT = iphoneos;
				SWIFT_OPTIMIZATION_LEVEL = "-Owholemodule";
				TARGETED_DEVICE_FAMILY = "1,2";
				VALIDATE_PRODUCT = YES;
			};
			name = Release;
		};
		A5A3B83C1EC2081100C1F692 /* Debug */ = {
			isa = XCBuildConfiguration;
			buildSettings = {
				ASSETCATALOG_COMPILER_APPICON_NAME = AppIcon;
				DEVELOPMENT_TEAM = ZP279JY2W4;
				INFOPLIST_FILE = mobileFrameworkDemo/Info.plist;
				LD_RUNPATH_SEARCH_PATHS = "$(inherited) @executable_path/Frameworks";
				PRODUCT_BUNDLE_IDENTIFIER = org.philamuseum.mobileFrameworkDemo;
				PRODUCT_NAME = "$(TARGET_NAME)";
				SWIFT_VERSION = 3.0;
			};
			name = Debug;
		};
		A5A3B83D1EC2081100C1F692 /* Release */ = {
			isa = XCBuildConfiguration;
			buildSettings = {
				ASSETCATALOG_COMPILER_APPICON_NAME = AppIcon;
				DEVELOPMENT_TEAM = ZP279JY2W4;
				INFOPLIST_FILE = mobileFrameworkDemo/Info.plist;
				LD_RUNPATH_SEARCH_PATHS = "$(inherited) @executable_path/Frameworks";
				PRODUCT_BUNDLE_IDENTIFIER = org.philamuseum.mobileFrameworkDemo;
				PRODUCT_NAME = "$(TARGET_NAME)";
				SWIFT_VERSION = 3.0;
			};
			name = Release;
		};
/* End XCBuildConfiguration section */

/* Begin XCConfigurationList section */
		A5A3B8241EC2081100C1F692 /* Build configuration list for PBXProject "mobileFrameworkDemo" */ = {
			isa = XCConfigurationList;
			buildConfigurations = (
				A5A3B8391EC2081100C1F692 /* Debug */,
				A5A3B83A1EC2081100C1F692 /* Release */,
			);
			defaultConfigurationIsVisible = 0;
			defaultConfigurationName = Release;
		};
		A5A3B83B1EC2081100C1F692 /* Build configuration list for PBXNativeTarget "mobileFrameworkDemo" */ = {
			isa = XCConfigurationList;
			buildConfigurations = (
				A5A3B83C1EC2081100C1F692 /* Debug */,
				A5A3B83D1EC2081100C1F692 /* Release */,
			);
			defaultConfigurationIsVisible = 0;
		};
/* End XCConfigurationList section */
	};
	rootObject = A5A3B8211EC2081100C1F692 /* Project object */;
}
